PODS:
  - MZRLocalizer (0.0.1)

DEPENDENCIES:
  - MZRLocalizer (from `git@github.com:morizotter/MZRLocalizer.git`, tag `0.0.1`)

EXTERNAL SOURCES:
  MZRLocalizer:
    :git: git@github.com:morizotter/MZRLocalizer.git
    :tag: 0.0.1

SPEC CHECKSUMS:
  MZRLocalizer: 702d9ac9b633b59b645fd72ce25c5412540e61a8

COCOAPODS: 0.29.0
